// !$*UTF8*$!
{
	archiveVersion = 1;
	classes = {
	};
	objectVersion = 55;
	objects = {

/* Begin PBXBuildFile section */
		847463B528BA664C00461F2E /* VideoTableViewCell.swift in Sources */ = {isa = PBXBuildFile; fileRef = 847463B428BA664C00461F2E /* VideoTableViewCell.swift */; };
		847463B928BA68EE00461F2E /* AudioTableViewCell.swift in Sources */ = {isa = PBXBuildFile; fileRef = 847463B828BA68EE00461F2E /* AudioTableViewCell.swift */; };
		84D23768288584D700FFEB31 /* AppDelegate.swift in Sources */ = {isa = PBXBuildFile; fileRef = 84D23767288584D700FFEB31 /* AppDelegate.swift */; };
		84D2376A288584D700FFEB31 /* SceneDelegate.swift in Sources */ = {isa = PBXBuildFile; fileRef = 84D23769288584D700FFEB31 /* SceneDelegate.swift */; };
		84D23771288584DA00FFEB31 /* Assets.xcassets in Resources */ = {isa = PBXBuildFile; fileRef = 84D23770288584DA00FFEB31 /* Assets.xcassets */; };
		84D23774288584DA00FFEB31 /* LaunchScreen.storyboard in Resources */ = {isa = PBXBuildFile; fileRef = 84D23772288584DA00FFEB31 /* LaunchScreen.storyboard */; };
		84D2377C2885861100FFEB31 /* MainViewController.swift in Sources */ = {isa = PBXBuildFile; fileRef = 84D2377B2885861100FFEB31 /* MainViewController.swift */; };
		84D2378B28858EBD00FFEB31 /* ResponseModel.swift in Sources */ = {isa = PBXBuildFile; fileRef = 84D2378A28858EBD00FFEB31 /* ResponseModel.swift */; };
		84D2378D2885A24800FFEB31 /* TextOnlyTableViewCell.swift in Sources */ = {isa = PBXBuildFile; fileRef = 84D2378C2885A24800FFEB31 /* TextOnlyTableViewCell.swift */; };
		84D2378F2885A25400FFEB31 /* PictureTableViewCell.swift in Sources */ = {isa = PBXBuildFile; fileRef = 84D2378E2885A25400FFEB31 /* PictureTableViewCell.swift */; };
		84D237912885A26400FFEB31 /* VariableTableViewCell.swift in Sources */ = {isa = PBXBuildFile; fileRef = 84D237902885A26400FFEB31 /* VariableTableViewCell.swift */; };
		84D2379A2885A2FF00FFEB31 /* NetworkManager.swift in Sources */ = {isa = PBXBuildFile; fileRef = 84D237992885A2FF00FFEB31 /* NetworkManager.swift */; };
		84D2379D2885A37200FFEB31 /* FeedModel.swift in Sources */ = {isa = PBXBuildFile; fileRef = 84D2379C2885A37200FFEB31 /* FeedModel.swift */; };
		84D2379F2886833200FFEB31 /* Endpoint.swift in Sources */ = {isa = PBXBuildFile; fileRef = 84D2379E2886833200FFEB31 /* Endpoint.swift */; };
		84D237A62886A23100FFEB31 /* FeedViewModel.swift in Sources */ = {isa = PBXBuildFile; fileRef = 84D237A52886A23100FFEB31 /* FeedViewModel.swift */; };
		84D237A92886EAEB00FFEB31 /* SnapKit in Frameworks */ = {isa = PBXBuildFile; productRef = 84D237A82886EAEB00FFEB31 /* SnapKit */; };
		84D237AC28870EE600FFEB31 /* Alamofire in Frameworks */ = {isa = PBXBuildFile; productRef = 84D237AB28870EE600FFEB31 /* Alamofire */; };
/* End PBXBuildFile section */

/* Begin PBXFileReference section */
		847463B428BA664C00461F2E /* VideoTableViewCell.swift */ = {isa = PBXFileReference; lastKnownFileType = sourcecode.swift; path = VideoTableViewCell.swift; sourceTree = "<group>"; };
		847463B828BA68EE00461F2E /* AudioTableViewCell.swift */ = {isa = PBXFileReference; lastKnownFileType = sourcecode.swift; path = AudioTableViewCell.swift; sourceTree = "<group>"; };
		84D23764288584D700FFEB31 /* pryanikyTestApp.app */ = {isa = PBXFileReference; explicitFileType = wrapper.application; includeInIndex = 0; path = pryanikyTestApp.app; sourceTree = BUILT_PRODUCTS_DIR; };
		84D23767288584D700FFEB31 /* AppDelegate.swift */ = {isa = PBXFileReference; lastKnownFileType = sourcecode.swift; path = AppDelegate.swift; sourceTree = "<group>"; };
		84D23769288584D700FFEB31 /* SceneDelegate.swift */ = {isa = PBXFileReference; lastKnownFileType = sourcecode.swift; path = SceneDelegate.swift; sourceTree = "<group>"; };
		84D23770288584DA00FFEB31 /* Assets.xcassets */ = {isa = PBXFileReference; lastKnownFileType = folder.assetcatalog; path = Assets.xcassets; sourceTree = "<group>"; };
		84D23773288584DA00FFEB31 /* Base */ = {isa = PBXFileReference; lastKnownFileType = file.storyboard; name = Base; path = Base.lproj/LaunchScreen.storyboard; sourceTree = "<group>"; };
		84D23775288584DA00FFEB31 /* Info.plist */ = {isa = PBXFileReference; lastKnownFileType = text.plist.xml; path = Info.plist; sourceTree = "<group>"; };
		84D2377B2885861100FFEB31 /* MainViewController.swift */ = {isa = PBXFileReference; lastKnownFileType = sourcecode.swift; path = MainViewController.swift; sourceTree = "<group>"; };
		84D2378A28858EBD00FFEB31 /* ResponseModel.swift */ = {isa = PBXFileReference; lastKnownFileType = sourcecode.swift; path = ResponseModel.swift; sourceTree = "<group>"; };
		84D2378C2885A24800FFEB31 /* TextOnlyTableViewCell.swift */ = {isa = PBXFileReference; lastKnownFileType = sourcecode.swift; path = TextOnlyTableViewCell.swift; sourceTree = "<group>"; };
		84D2378E2885A25400FFEB31 /* PictureTableViewCell.swift */ = {isa = PBXFileReference; lastKnownFileType = sourcecode.swift; path = PictureTableViewCell.swift; sourceTree = "<group>"; };
		84D237902885A26400FFEB31 /* VariableTableViewCell.swift */ = {isa = PBXFileReference; lastKnownFileType = sourcecode.swift; path = VariableTableViewCell.swift; sourceTree = "<group>"; };
		84D237992885A2FF00FFEB31 /* NetworkManager.swift */ = {isa = PBXFileReference; lastKnownFileType = sourcecode.swift; path = NetworkManager.swift; sourceTree = "<group>"; };
		84D2379C2885A37200FFEB31 /* FeedModel.swift */ = {isa = PBXFileReference; lastKnownFileType = sourcecode.swift; path = FeedModel.swift; sourceTree = "<group>"; };
		84D2379E2886833200FFEB31 /* Endpoint.swift */ = {isa = PBXFileReference; lastKnownFileType = sourcecode.swift; path = Endpoint.swift; sourceTree = "<group>"; };
		84D237A52886A23100FFEB31 /* FeedViewModel.swift */ = {isa = PBXFileReference; lastKnownFileType = sourcecode.swift; path = FeedViewModel.swift; sourceTree = "<group>"; };
/* End PBXFileReference section */

/* Begin PBXFrameworksBuildPhase section */
		84D23761288584D700FFEB31 /* Frameworks */ = {
			isa = PBXFrameworksBuildPhase;
			buildActionMask = 2147483647;
			files = (
				84D237A92886EAEB00FFEB31 /* SnapKit in Frameworks */,
				84D237AC28870EE600FFEB31 /* Alamofire in Frameworks */,
			);
			runOnlyForDeploymentPostprocessing = 0;
		};
/* End PBXFrameworksBuildPhase section */

/* Begin PBXGroup section */
		84D2375B288584D700FFEB31 = {
			isa = PBXGroup;
			children = (
				84D23766288584D700FFEB31 /* pryanikyTestApp */,
				84D23765288584D700FFEB31 /* Products */,
			);
			sourceTree = "<group>";
		};
		84D23765288584D700FFEB31 /* Products */ = {
			isa = PBXGroup;
			children = (
				84D23764288584D700FFEB31 /* pryanikyTestApp.app */,
			);
			name = Products;
			sourceTree = "<group>";
		};
		84D23766288584D700FFEB31 /* pryanikyTestApp */ = {
			isa = PBXGroup;
			children = (
				84D2379B2885A31A00FFEB31 /* Networking */,
				84D2378728858E7900FFEB31 /* ViewModels */,
				84D2378628858E6E00FFEB31 /* Views */,
				84D2378528858E6200FFEB31 /* Models */,
				84D23767288584D700FFEB31 /* AppDelegate.swift */,
				84D23769288584D700FFEB31 /* SceneDelegate.swift */,
				84D23770288584DA00FFEB31 /* Assets.xcassets */,
				84D23772288584DA00FFEB31 /* LaunchScreen.storyboard */,
				84D23775288584DA00FFEB31 /* Info.plist */,
			);
			path = pryanikyTestApp;
			sourceTree = "<group>";
		};
		84D2378528858E6200FFEB31 /* Models */ = {
			isa = PBXGroup;
			children = (
				84D2379C2885A37200FFEB31 /* FeedModel.swift */,
			);
			path = Models;
			sourceTree = "<group>";
		};
		84D2378628858E6E00FFEB31 /* Views */ = {
			isa = PBXGroup;
			children = (
				84D2378928858E9100FFEB31 /* Views */,
				84D2378828858E8600FFEB31 /* Controllers */,
			);
			path = Views;
			sourceTree = "<group>";
		};
		84D2378728858E7900FFEB31 /* ViewModels */ = {
			isa = PBXGroup;
			children = (
				84D237A52886A23100FFEB31 /* FeedViewModel.swift */,
			);
			path = ViewModels;
			sourceTree = "<group>";
		};
		84D2378828858E8600FFEB31 /* Controllers */ = {
			isa = PBXGroup;
			children = (
				84D2377B2885861100FFEB31 /* MainViewController.swift */,
			);
			path = Controllers;
			sourceTree = "<group>";
		};
		84D2378928858E9100FFEB31 /* Views */ = {
			isa = PBXGroup;
			children = (
				84D2378C2885A24800FFEB31 /* TextOnlyTableViewCell.swift */,
				84D2378E2885A25400FFEB31 /* PictureTableViewCell.swift */,
				84D237902885A26400FFEB31 /* VariableTableViewCell.swift */,
				847463B428BA664C00461F2E /* VideoTableViewCell.swift */,
				847463B828BA68EE00461F2E /* AudioTableViewCell.swift */,
			);
			path = Views;
			sourceTree = "<group>";
		};
		84D2379B2885A31A00FFEB31 /* Networking */ = {
			isa = PBXGroup;
			children = (
				84D237992885A2FF00FFEB31 /* NetworkManager.swift */,
				84D2378A28858EBD00FFEB31 /* ResponseModel.swift */,
				84D2379E2886833200FFEB31 /* Endpoint.swift */,
			);
			path = Networking;
			sourceTree = "<group>";
		};
/* End PBXGroup section */

/* Begin PBXNativeTarget section */
		84D23763288584D700FFEB31 /* pryanikyTestApp */ = {
			isa = PBXNativeTarget;
			buildConfigurationList = 84D23778288584DA00FFEB31 /* Build configuration list for PBXNativeTarget "pryanikyTestApp" */;
			buildPhases = (
				84D23760288584D700FFEB31 /* Sources */,
				84D23761288584D700FFEB31 /* Frameworks */,
				84D23762288584D700FFEB31 /* Resources */,
			);
			buildRules = (
			);
			dependencies = (
			);
			name = pryanikyTestApp;
			packageProductDependencies = (
				84D237A82886EAEB00FFEB31 /* SnapKit */,
				84D237AB28870EE600FFEB31 /* Alamofire */,
			);
			productName = pryanikyTestApp;
			productReference = 84D23764288584D700FFEB31 /* pryanikyTestApp.app */;
			productType = "com.apple.product-type.application";
		};
/* End PBXNativeTarget section */

/* Begin PBXProject section */
		84D2375C288584D700FFEB31 /* Project object */ = {
			isa = PBXProject;
			attributes = {
				BuildIndependentTargetsInParallel = 1;
				LastSwiftUpdateCheck = 1310;
				LastUpgradeCheck = 1310;
				TargetAttributes = {
					84D23763288584D700FFEB31 = {
						CreatedOnToolsVersion = 13.1;
					};
				};
			};
			buildConfigurationList = 84D2375F288584D700FFEB31 /* Build configuration list for PBXProject "pryanikyTestApp" */;
			compatibilityVersion = "Xcode 13.0";
			developmentRegion = en;
			hasScannedForEncodings = 0;
			knownRegions = (
				en,
				Base,
			);
			mainGroup = 84D2375B288584D700FFEB31;
			packageReferences = (
				84D237A72886EAEB00FFEB31 /* XCRemoteSwiftPackageReference "SnapKit" */,
				84D237AA28870EE600FFEB31 /* XCRemoteSwiftPackageReference "Alamofire" */,
			);
			productRefGroup = 84D23765288584D700FFEB31 /* Products */;
			projectDirPath = "";
			projectRoot = "";
			targets = (
				84D23763288584D700FFEB31 /* pryanikyTestApp */,
			);
		};
/* End PBXProject section */

/* Begin PBXResourcesBuildPhase section */
		84D23762288584D700FFEB31 /* Resources */ = {
			isa = PBXResourcesBuildPhase;
			buildActionMask = 2147483647;
			files = (
				84D23774288584DA00FFEB31 /* LaunchScreen.storyboard in Resources */,
				84D23771288584DA00FFEB31 /* Assets.xcassets in Resources */,
			);
			runOnlyForDeploymentPostprocessing = 0;
		};
/* End PBXResourcesBuildPhase section */

/* Begin PBXSourcesBuildPhase section */
		84D23760288584D700FFEB31 /* Sources */ = {
			isa = PBXSourcesBuildPhase;
			buildActionMask = 2147483647;
			files = (
				84D23768288584D700FFEB31 /* AppDelegate.swift in Sources */,
				847463B928BA68EE00461F2E /* AudioTableViewCell.swift in Sources */,
				84D2379D2885A37200FFEB31 /* FeedModel.swift in Sources */,
				84D2379A2885A2FF00FFEB31 /* NetworkManager.swift in Sources */,
				84D2378D2885A24800FFEB31 /* TextOnlyTableViewCell.swift in Sources */,
				84D2378F2885A25400FFEB31 /* PictureTableViewCell.swift in Sources */,
				847463B528BA664C00461F2E /* VideoTableViewCell.swift in Sources */,
				84D2376A288584D700FFEB31 /* SceneDelegate.swift in Sources */,
				84D237912885A26400FFEB31 /* VariableTableViewCell.swift in Sources */,
				84D2378B28858EBD00FFEB31 /* ResponseModel.swift in Sources */,
				84D2377C2885861100FFEB31 /* MainViewController.swift in Sources */,
				84D2379F2886833200FFEB31 /* Endpoint.swift in Sources */,
				84D237A62886A23100FFEB31 /* FeedViewModel.swift in Sources */,
			);
			runOnlyForDeploymentPostprocessing = 0;
		};
/* End PBXSourcesBuildPhase section */

/* Begin PBXVariantGroup section */
		84D23772288584DA00FFEB31 /* LaunchScreen.storyboard */ = {
			isa = PBXVariantGroup;
			children = (
				84D23773288584DA00FFEB31 /* Base */,
			);
			name = LaunchScreen.storyboard;
			sourceTree = "<group>";
		};
/* End PBXVariantGroup section */

/* Begin XCBuildConfiguration section */
		84D23776288584DA00FFEB31 /* Debug */ = {
			isa = XCBuildConfiguration;
			buildSettings = {
				ALWAYS_SEARCH_USER_PATHS = NO;
				CLANG_ANALYZER_NONNULL = YES;
				CLANG_ANALYZER_NUMBER_OBJECT_CONVERSION = YES_AGGRESSIVE;
				CLANG_CXX_LANGUAGE_STANDARD = "gnu++17";
				CLANG_CXX_LIBRARY = "libc++";
				CLANG_ENABLE_MODULES = YES;
				CLANG_ENABLE_OBJC_ARC = YES;
				CLANG_ENABLE_OBJC_WEAK = YES;
				CLANG_WARN_BLOCK_CAPTURE_AUTORELEASING = YES;
				CLANG_WARN_BOOL_CONVERSION = YES;
				CLANG_WARN_COMMA = YES;
				CLANG_WARN_CONSTANT_CONVERSION = YES;
				CLANG_WARN_DEPRECATED_OBJC_IMPLEMENTATIONS = YES;
				CLANG_WARN_DIRECT_OBJC_ISA_USAGE = YES_ERROR;
				CLANG_WARN_DOCUMENTATION_COMMENTS = YES;
				CLANG_WARN_EMPTY_BODY = YES;
				CLANG_WARN_ENUM_CONVERSION = YES;
				CLANG_WARN_INFINITE_RECURSION = YES;
				CLANG_WARN_INT_CONVERSION = YES;
				CLANG_WARN_NON_LITERAL_NULL_CONVERSION = YES;
				CLANG_WARN_OBJC_IMPLICIT_RETAIN_SELF = YES;
				CLANG_WARN_OBJC_LITERAL_CONVERSION = YES;
				CLANG_WARN_OBJC_ROOT_CLASS = YES_ERROR;
				CLANG_WARN_QUOTED_INCLUDE_IN_FRAMEWORK_HEADER = YES;
				CLANG_WARN_RANGE_LOOP_ANALYSIS = YES;
				CLANG_WARN_STRICT_PROTOTYPES = YES;
				CLANG_WARN_SUSPICIOUS_MOVE = YES;
				CLANG_WARN_UNGUARDED_AVAILABILITY = YES_AGGRESSIVE;
				CLANG_WARN_UNREACHABLE_CODE = YES;
				CLANG_WARN__DUPLICATE_METHOD_MATCH = YES;
				COPY_PHASE_STRIP = NO;
				DEBUG_INFORMATION_FORMAT = dwarf;
				ENABLE_STRICT_OBJC_MSGSEND = YES;
				ENABLE_TESTABILITY = YES;
				GCC_C_LANGUAGE_STANDARD = gnu11;
				GCC_DYNAMIC_NO_PIC = NO;
				GCC_NO_COMMON_BLOCKS = YES;
				GCC_OPTIMIZATION_LEVEL = 0;
				GCC_PREPROCESSOR_DEFINITIONS = (
					"DEBUG=1",
					"$(inherited)",
				);
				GCC_WARN_64_TO_32_BIT_CONVERSION = YES;
				GCC_WARN_ABOUT_RETURN_TYPE = YES_ERROR;
				GCC_WARN_UNDECLARED_SELECTOR = YES;
				GCC_WARN_UNINITIALIZED_AUTOS = YES_AGGRESSIVE;
				GCC_WARN_UNUSED_FUNCTION = YES;
				GCC_WARN_UNUSED_VARIABLE = YES;
				IPHONEOS_DEPLOYMENT_TARGET = 15.0;
				MTL_ENABLE_DEBUG_INFO = INCLUDE_SOURCE;
				MTL_FAST_MATH = YES;
				ONLY_ACTIVE_ARCH = YES;
				SDKROOT = iphoneos;
				SWIFT_ACTIVE_COMPILATION_CONDITIONS = DEBUG;
				SWIFT_OPTIMIZATION_LEVEL = "-Onone";
			};
			name = Debug;
		};
		84D23777288584DA00FFEB31 /* Release */ = {
			isa = XCBuildConfiguration;
			buildSettings = {
				ALWAYS_SEARCH_USER_PATHS = NO;
				CLANG_ANALYZER_NONNULL = YES;
				CLANG_ANALYZER_NUMBER_OBJECT_CONVERSION = YES_AGGRESSIVE;
				CLANG_CXX_LANGUAGE_STANDARD = "gnu++17";
				CLANG_CXX_LIBRARY = "libc++";
				CLANG_ENABLE_MODULES = YES;
				CLANG_ENABLE_OBJC_ARC = YES;
				CLANG_ENABLE_OBJC_WEAK = YES;
				CLANG_WARN_BLOCK_CAPTURE_AUTORELEASING = YES;
				CLANG_WARN_BOOL_CONVERSION = YES;
				CLANG_WARN_COMMA = YES;
				CLANG_WARN_CONSTANT_CONVERSION = YES;
				CLANG_WARN_DEPRECATED_OBJC_IMPLEMENTATIONS = YES;
				CLANG_WARN_DIRECT_OBJC_ISA_USAGE = YES_ERROR;
				CLANG_WARN_DOCUMENTATION_COMMENTS = YES;
				CLANG_WARN_EMPTY_BODY = YES;
				CLANG_WARN_ENUM_CONVERSION = YES;
				CLANG_WARN_INFINITE_RECURSION = YES;
				CLANG_WARN_INT_CONVERSION = YES;
				CLANG_WARN_NON_LITERAL_NULL_CONVERSION = YES;
				CLANG_WARN_OBJC_IMPLICIT_RETAIN_SELF = YES;
				CLANG_WARN_OBJC_LITERAL_CONVERSION = YES;
				CLANG_WARN_OBJC_ROOT_CLASS = YES_ERROR;
				CLANG_WARN_QUOTED_INCLUDE_IN_FRAMEWORK_HEADER = YES;
				CLANG_WARN_RANGE_LOOP_ANALYSIS = YES;
				CLANG_WARN_STRICT_PROTOTYPES = YES;
				CLANG_WARN_SUSPICIOUS_MOVE = YES;
				CLANG_WARN_UNGUARDED_AVAILABILITY = YES_AGGRESSIVE;
				CLANG_WARN_UNREACHABLE_CODE = YES;
				CLANG_WARN__DUPLICATE_METHOD_MATCH = YES;
				COPY_PHASE_STRIP = NO;
				DEBUG_INFORMATION_FORMAT = "dwarf-with-dsym";
				ENABLE_NS_ASSERTIONS = NO;
				ENABLE_STRICT_OBJC_MSGSEND = YES;
				GCC_C_LANGUAGE_STANDARD = gnu11;
				GCC_NO_COMMON_BLOCKS = YES;
				GCC_WARN_64_TO_32_BIT_CONVERSION = YES;
				GCC_WARN_ABOUT_RETURN_TYPE = YES_ERROR;
				GCC_WARN_UNDECLARED_SELECTOR = YES;
				GCC_WARN_UNINITIALIZED_AUTOS = YES_AGGRESSIVE;
				GCC_WARN_UNUSED_FUNCTION = YES;
				GCC_WARN_UNUSED_VARIABLE = YES;
				IPHONEOS_DEPLOYMENT_TARGET = 15.0;
				MTL_ENABLE_DEBUG_INFO = NO;
				MTL_FAST_MATH = YES;
				SDKROOT = iphoneos;
				SWIFT_COMPILATION_MODE = wholemodule;
				SWIFT_OPTIMIZATION_LEVEL = "-O";
				VALIDATE_PRODUCT = YES;
			};
			name = Release;
		};
		84D23779288584DA00FFEB31 /* Debug */ = {
			isa = XCBuildConfiguration;
			buildSettings = {
				ASSETCATALOG_COMPILER_APPICON_NAME = AppIcon;
				ASSETCATALOG_COMPILER_GLOBAL_ACCENT_COLOR_NAME = AccentColor;
				CODE_SIGN_STYLE = Automatic;
				CURRENT_PROJECT_VERSION = 1;
				DEVELOPMENT_TEAM = YQV3X5PV74;
				GENERATE_INFOPLIST_FILE = YES;
				INFOPLIST_FILE = pryanikyTestApp/Info.plist;
				INFOPLIST_KEY_UIApplicationSupportsIndirectInputEvents = YES;
				INFOPLIST_KEY_UILaunchStoryboardName = LaunchScreen;
				INFOPLIST_KEY_UISupportedInterfaceOrientations_iPad = "UIInterfaceOrientationPortrait UIInterfaceOrientationPortraitUpsideDown UIInterfaceOrientationLandscapeLeft UIInterfaceOrientationLandscapeRight";
				INFOPLIST_KEY_UISupportedInterfaceOrientations_iPhone = "UIInterfaceOrientationPortrait UIInterfaceOrientationLandscapeLeft UIInterfaceOrientationLandscapeRight";
				LD_RUNPATH_SEARCH_PATHS = (
					"$(inherited)",
					"@executable_path/Frameworks",
				);
				MARKETING_VERSION = 1.0;
				PRODUCT_BUNDLE_IDENTIFIER = CHIAHomeStudio.pryanikyTestApp;
				PRODUCT_NAME = "$(TARGET_NAME)";
				SWIFT_EMIT_LOC_STRINGS = YES;
				SWIFT_VERSION = 5.0;
				TARGETED_DEVICE_FAMILY = "1,2";
			};
			name = Debug;
		};
		84D2377A288584DA00FFEB31 /* Release */ = {
			isa = XCBuildConfiguration;
			buildSettings = {
				ASSETCATALOG_COMPILER_APPICON_NAME = AppIcon;
				ASSETCATALOG_COMPILER_GLOBAL_ACCENT_COLOR_NAME = AccentColor;
				CODE_SIGN_STYLE = Automatic;
				CURRENT_PROJECT_VERSION = 1;
				DEVELOPMENT_TEAM = YQV3X5PV74;
				GENERATE_INFOPLIST_FILE = YES;
				INFOPLIST_FILE = pryanikyTestApp/Info.plist;
				INFOPLIST_KEY_UIApplicationSupportsIndirectInputEvents = YES;
				INFOPLIST_KEY_UILaunchStoryboardName = LaunchScreen;
				INFOPLIST_KEY_UISupportedInterfaceOrientations_iPad = "UIInterfaceOrientationPortrait UIInterfaceOrientationPortraitUpsideDown UIInterfaceOrientationLandscapeLeft UIInterfaceOrientationLandscapeRight";
				INFOPLIST_KEY_UISupportedInterfaceOrientations_iPhone = "UIInterfaceOrientationPortrait UIInterfaceOrientationLandscapeLeft UIInterfaceOrientationLandscapeRight";
				LD_RUNPATH_SEARCH_PATHS = (
					"$(inherited)",
					"@executable_path/Frameworks",
				);
				MARKETING_VERSION = 1.0;
				PRODUCT_BUNDLE_IDENTIFIER = CHIAHomeStudio.pryanikyTestApp;
				PRODUCT_NAME = "$(TARGET_NAME)";
				SWIFT_EMIT_LOC_STRINGS = YES;
				SWIFT_VERSION = 5.0;
				TARGETED_DEVICE_FAMILY = "1,2";
			};
			name = Release;
		};
/* End XCBuildConfiguration section */

/* Begin XCConfigurationList section */
		84D2375F288584D700FFEB31 /* Build configuration list for PBXProject "pryanikyTestApp" */ = {
			isa = XCConfigurationList;
			buildConfigurations = (
				84D23776288584DA00FFEB31 /* Debug */,
				84D23777288584DA00FFEB31 /* Release */,
			);
			defaultConfigurationIsVisible = 0;
			defaultConfigurationName = Release;
		};
		84D23778288584DA00FFEB31 /* Build configuration list for PBXNativeTarget "pryanikyTestApp" */ = {
			isa = XCConfigurationList;
			buildConfigurations = (
				84D23779288584DA00FFEB31 /* Debug */,
				84D2377A288584DA00FFEB31 /* Release */,
			);
			defaultConfigurationIsVisible = 0;
			defaultConfigurationName = Release;
		};
/* End XCConfigurationList section */

/* Begin XCRemoteSwiftPackageReference section */
		84D237A72886EAEB00FFEB31 /* XCRemoteSwiftPackageReference "SnapKit" */ = {
			isa = XCRemoteSwiftPackageReference;
			repositoryURL = "https://github.com/SnapKit/SnapKit.git";
			requirement = {
				kind = upToNextMajorVersion;
				minimumVersion = 5.0.0;
			};
		};
		84D237AA28870EE600FFEB31 /* XCRemoteSwiftPackageReference "Alamofire" */ = {
			isa = XCRemoteSwiftPackageReference;
			repositoryURL = "https://github.com/Alamofire/Alamofire.git";
			requirement = {
				kind = upToNextMajorVersion;
				minimumVersion = 5.0.0;
			};
		};
/* End XCRemoteSwiftPackageReference section */

/* Begin XCSwiftPackageProductDependency section */
		84D237A82886EAEB00FFEB31 /* SnapKit */ = {
			isa = XCSwiftPackageProductDependency;
			package = 84D237A72886EAEB00FFEB31 /* XCRemoteSwiftPackageReference "SnapKit" */;
			productName = SnapKit;
		};
		84D237AB28870EE600FFEB31 /* Alamofire */ = {
			isa = XCSwiftPackageProductDependency;
			package = 84D237AA28870EE600FFEB31 /* XCRemoteSwiftPackageReference "Alamofire" */;
			productName = Alamofire;
		};
/* End XCSwiftPackageProductDependency section */
	};
	rootObject = 84D2375C288584D700FFEB31 /* Project object */;
}
